
Microsoft Visual Studio Solution File, Format Version 12.00
# Visual Studio Version 17
VisualStudioVersion = 17.6.33712.159
MinimumVisualStudioVersion = 10.0.40219.1
Project("{FAE04EC0-301F-11D3-BF4B-00C04F79EFBC}") = "PSalario", "PSalario\PSalario.csproj", "{76299108-CDC8-43F9-B5F4-0512CC6B859B}"
EndProject
Global
	GlobalSection(SolutionConfigurationPlatforms) = preSolution
		Debug|Any CPU = Debug|Any CPU
		Release|Any CPU = Release|Any CPU
	EndGlobalSection
	GlobalSection(ProjectConfigurationPlatforms) = postSolution
		{76299108-CDC8-43F9-B5F4-0512CC6B859B}.Debug|Any CPU.ActiveCfg = Debug|Any CPU
		{76299108-CDC8-43F9-B5F4-0512CC6B859B}.Debug|Any CPU.Build.0 = Debug|Any CPU
		{76299108-CDC8-43F9-B5F4-0512CC6B859B}.Release|Any CPU.ActiveCfg = Release|Any CPU
		{76299108-CDC8-43F9-B5F4-0512CC6B859B}.Release|Any CPU.Build.0 = Release|Any CPU
	EndGlobalSection
	GlobalSection(SolutionProperties) = preSolution
		HideSolutionNode = FALSE
	EndGlobalSection
	GlobalSection(ExtensibilityGlobals) = postSolution
		SolutionGuid = {0A8D7D8D-BAD4-43AB-9611-696B3DCC5037}
	EndGlobalSection
EndGlobal
