
Microsoft Visual Studio Solution File, Format Version 12.00
# Visual Studio Version 17
VisualStudioVersion = 17.6.33712.159
MinimumVisualStudioVersion = 10.0.40219.1
Project("{FAE04EC0-301F-11D3-BF4B-00C04F79EFBC}") = "Ex1", "Ex1\Ex1.csproj", "{99439ED8-C2A8-408F-950E-F9B1830C3F9B}"
EndProject
Global
	GlobalSection(SolutionConfigurationPlatforms) = preSolution
		Debug|Any CPU = Debug|Any CPU
		Release|Any CPU = Release|Any CPU
	EndGlobalSection
	GlobalSection(ProjectConfigurationPlatforms) = postSolution
		{99439ED8-C2A8-408F-950E-F9B1830C3F9B}.Debug|Any CPU.ActiveCfg = Debug|Any CPU
		{99439ED8-C2A8-408F-950E-F9B1830C3F9B}.Debug|Any CPU.Build.0 = Debug|Any CPU
		{99439ED8-C2A8-408F-950E-F9B1830C3F9B}.Release|Any CPU.ActiveCfg = Release|Any CPU
		{99439ED8-C2A8-408F-950E-F9B1830C3F9B}.Release|Any CPU.Build.0 = Release|Any CPU
	EndGlobalSection
	GlobalSection(SolutionProperties) = preSolution
		HideSolutionNode = FALSE
	EndGlobalSection
	GlobalSection(ExtensibilityGlobals) = postSolution
		SolutionGuid = {DF075023-6FC6-4955-A9E1-354D6C80342D}
	EndGlobalSection
EndGlobal
