
Microsoft Visual Studio Solution File, Format Version 12.00
# Visual Studio Version 17
VisualStudioVersion = 17.6.33712.159
MinimumVisualStudioVersion = 10.0.40219.1
Project("{FAE04EC0-301F-11D3-BF4B-00C04F79EFBC}") = "Ex4", "Ex4\Ex4.csproj", "{DC8CAA36-6C32-4D0C-9F26-024FB20B15CB}"
EndProject
Global
	GlobalSection(SolutionConfigurationPlatforms) = preSolution
		Debug|Any CPU = Debug|Any CPU
		Release|Any CPU = Release|Any CPU
	EndGlobalSection
	GlobalSection(ProjectConfigurationPlatforms) = postSolution
		{DC8CAA36-6C32-4D0C-9F26-024FB20B15CB}.Debug|Any CPU.ActiveCfg = Debug|Any CPU
		{DC8CAA36-6C32-4D0C-9F26-024FB20B15CB}.Debug|Any CPU.Build.0 = Debug|Any CPU
		{DC8CAA36-6C32-4D0C-9F26-024FB20B15CB}.Release|Any CPU.ActiveCfg = Release|Any CPU
		{DC8CAA36-6C32-4D0C-9F26-024FB20B15CB}.Release|Any CPU.Build.0 = Release|Any CPU
	EndGlobalSection
	GlobalSection(SolutionProperties) = preSolution
		HideSolutionNode = FALSE
	EndGlobalSection
	GlobalSection(ExtensibilityGlobals) = postSolution
		SolutionGuid = {25EAD5FD-6816-49AE-9FEF-558298DD61E4}
	EndGlobalSection
EndGlobal
